
Microsoft Visual Studio Solution File, Format Version 12.00
# Visual Studio Version 16
VisualStudioVersion = 16.0.31911.196
MinimumVisualStudioVersion = 10.0.40219.1
Project("{FAE04EC0-301F-11D3-BF4B-00C04F79EFBC}") = "KRIPTOGR.", "KRIPTOGR\KRIPTOGR..csproj", "{0312C1E4-67B5-4770-82C3-5B777C2F3DEB}"
EndProject
Global
	GlobalSection(SolutionConfigurationPlatforms) = preSolution
		Debug|Any CPU = Debug|Any CPU
		Release|Any CPU = Release|Any CPU
	EndGlobalSection
	GlobalSection(ProjectConfigurationPlatforms) = postSolution
		{0312C1E4-67B5-4770-82C3-5B777C2F3DEB}.Debug|Any CPU.ActiveCfg = Debug|Any CPU
		{0312C1E4-67B5-4770-82C3-5B777C2F3DEB}.Debug|Any CPU.Build.0 = Debug|Any CPU
		{0312C1E4-67B5-4770-82C3-5B777C2F3DEB}.Release|Any CPU.ActiveCfg = Release|Any CPU
		{0312C1E4-67B5-4770-82C3-5B777C2F3DEB}.Release|Any CPU.Build.0 = Release|Any CPU
	EndGlobalSection
	GlobalSection(SolutionProperties) = preSolution
		HideSolutionNode = FALSE
	EndGlobalSection
	GlobalSection(ExtensibilityGlobals) = postSolution
		SolutionGuid = {A6F9AEFB-A15C-48C5-8485-BDFD5509710D}
	EndGlobalSection
EndGlobal
